
Microsoft Visual Studio Solution File, Format Version 10.00
# Visual Studio 2008
Project("{8BC9CEB8-8B4A-11D0-8D11-00A0C91BC942}") = "app: Minerva Qt App", "MinervaApp_vc9.vcproj", "{ECB20E66-16F8-4673-A094-7D9B3BEAD978}"
	ProjectSection(ProjectDependencies) = postProject
		{C73A3411-AA78-4A65-91B5-0E5DE1F745D8} = {C73A3411-AA78-4A65-91B5-0E5DE1F745D8}
		{2364A114-A728-4FAA-9120-6CF14D092B99} = {2364A114-A728-4FAA-9120-6CF14D092B99}
		{238AC527-1ECD-4E1F-BAA1-52278211A906} = {238AC527-1ECD-4E1F-BAA1-52278211A906}
		{4090CD54-196B-4F66-B143-28545013B541} = {4090CD54-196B-4F66-B143-28545013B541}
		{54573357-FCEF-4E36-9659-CDF668DB5EC4} = {54573357-FCEF-4E36-9659-CDF668DB5EC4}
		{C16E1C75-3B3F-4CDF-9C36-31879167E08A} = {C16E1C75-3B3F-4CDF-9C36-31879167E08A}
		{1CD5ED8A-5811-40CD-BF48-2117688077B0} = {1CD5ED8A-5811-40CD-BF48-2117688077B0}
		{35962A93-DF4D-4CC0-A3D3-856D3A4D6D43} = {35962A93-DF4D-4CC0-A3D3-856D3A4D6D43}
		{05AFCB94-AA88-4901-BA20-1B72BE32F7F0} = {05AFCB94-AA88-4901-BA20-1B72BE32F7F0}
		{53474AA5-49E3-42DB-93E0-CDFB8541D0A1} = {53474AA5-49E3-42DB-93E0-CDFB8541D0A1}
		{113E80BC-F9F9-45F0-BE8F-E5C22A2CB599} = {113E80BC-F9F9-45F0-BE8F-E5C22A2CB599}
		{63DB5FBF-6EFA-45DA-AF85-4F212E1516FF} = {63DB5FBF-6EFA-45DA-AF85-4F212E1516FF}
		{E38C0ACF-24B8-47DD-BF38-0A734A355D56} = {E38C0ACF-24B8-47DD-BF38-0A734A355D56}
		{BE2942D1-6E52-4A58-A459-C3EA8110429B} = {BE2942D1-6E52-4A58-A459-C3EA8110429B}
		{E8B963F0-36A5-482B-BED5-A8681EFC516B} = {E8B963F0-36A5-482B-BED5-A8681EFC516B}
	EndProjectSection
EndProject
Project("{8BC9CEB8-8B4A-11D0-8D11-00A0C91BC942}") = "lib: Usul", "..\..\Usul\Usul_vc9.vcproj", "{113E80BC-F9F9-45F0-BE8F-E5C22A2CB599}"
EndProject
Project("{8BC9CEB8-8B4A-11D0-8D11-00A0C91BC942}") = "lib: Helios", "..\..\Helios\Helios_vc9.vcproj", "{4090CD54-196B-4F66-B143-28545013B541}"
	ProjectSection(ProjectDependencies) = postProject
		{C16E1C75-3B3F-4CDF-9C36-31879167E08A} = {C16E1C75-3B3F-4CDF-9C36-31879167E08A}
		{35962A93-DF4D-4CC0-A3D3-856D3A4D6D43} = {35962A93-DF4D-4CC0-A3D3-856D3A4D6D43}
		{53474AA5-49E3-42DB-93E0-CDFB8541D0A1} = {53474AA5-49E3-42DB-93E0-CDFB8541D0A1}
		{113E80BC-F9F9-45F0-BE8F-E5C22A2CB599} = {113E80BC-F9F9-45F0-BE8F-E5C22A2CB599}
	EndProjectSection
EndProject
Project("{8BC9CEB8-8B4A-11D0-8D11-00A0C91BC942}") = "lib: QtTools", "..\..\Tools\Qt\QtTools_vc9.vcproj", "{53474AA5-49E3-42DB-93E0-CDFB8541D0A1}"
	ProjectSection(ProjectDependencies) = postProject
		{113E80BC-F9F9-45F0-BE8F-E5C22A2CB599} = {113E80BC-F9F9-45F0-BE8F-E5C22A2CB599}
	EndProjectSection
EndProject
Project("{8BC9CEB8-8B4A-11D0-8D11-00A0C91BC942}") = "lib: SceneGraph", "..\..\SceneGraph\SceneGraph_vc9.vcproj", "{54573357-FCEF-4E36-9659-CDF668DB5EC4}"
	ProjectSection(ProjectDependencies) = postProject
		{113E80BC-F9F9-45F0-BE8F-E5C22A2CB599} = {113E80BC-F9F9-45F0-BE8F-E5C22A2CB599}
	EndProjectSection
EndProject
Project("{8BC9CEB8-8B4A-11D0-8D11-00A0C91BC942}") = "plug: Images IO JPG", "..\..\Images\Plugins\IO\JPG\ImageJPG_vc9.vcproj", "{2364A114-A728-4FAA-9120-6CF14D092B99}"
	ProjectSection(ProjectDependencies) = postProject
		{113E80BC-F9F9-45F0-BE8F-E5C22A2CB599} = {113E80BC-F9F9-45F0-BE8F-E5C22A2CB599}
	EndProjectSection
EndProject
Project("{8BC9CEB8-8B4A-11D0-8D11-00A0C91BC942}") = "lib: Images Core", "..\..\Images\Core\ImageCore_vc9.vcproj", "{8480C800-298D-47D5-95B7-0326BEA6FBCB}"
EndProject
Project("{8BC9CEB8-8B4A-11D0-8D11-00A0C91BC942}") = "plug: Text Output", "..\..\Helios\Plugins\TextOutputWindow\TextOutputWindow_vc9.vcproj", "{63DB5FBF-6EFA-45DA-AF85-4F212E1516FF}"
	ProjectSection(ProjectDependencies) = postProject
		{4090CD54-196B-4F66-B143-28545013B541} = {4090CD54-196B-4F66-B143-28545013B541}
		{113E80BC-F9F9-45F0-BE8F-E5C22A2CB599} = {113E80BC-F9F9-45F0-BE8F-E5C22A2CB599}
	EndProjectSection
EndProject
Project("{8BC9CEB8-8B4A-11D0-8D11-00A0C91BC942}") = "lib: Tree", "..\..\Tree\Tree_vc9.vcproj", "{C16E1C75-3B3F-4CDF-9C36-31879167E08A}"
	ProjectSection(ProjectDependencies) = postProject
		{113E80BC-F9F9-45F0-BE8F-E5C22A2CB599} = {113E80BC-F9F9-45F0-BE8F-E5C22A2CB599}
	EndProjectSection
EndProject
Project("{8BC9CEB8-8B4A-11D0-8D11-00A0C91BC942}") = "lib: Tree Expat", "..\..\Tree\Expat\TreeExpat_vc9.vcproj", "{E38C0ACF-24B8-47DD-BF38-0A734A355D56}"
	ProjectSection(ProjectDependencies) = postProject
		{C16E1C75-3B3F-4CDF-9C36-31879167E08A} = {C16E1C75-3B3F-4CDF-9C36-31879167E08A}
		{113E80BC-F9F9-45F0-BE8F-E5C22A2CB599} = {113E80BC-F9F9-45F0-BE8F-E5C22A2CB599}
	EndProjectSection
EndProject
Project("{8BC9CEB8-8B4A-11D0-8D11-00A0C91BC942}") = "plug: Tree IO Expat", "..\..\Tree\Plugins\IO\XML\Expat\TreePluginExpat_vc9.vcproj", "{C73A3411-AA78-4A65-91B5-0E5DE1F745D8}"
	ProjectSection(ProjectDependencies) = postProject
		{C16E1C75-3B3F-4CDF-9C36-31879167E08A} = {C16E1C75-3B3F-4CDF-9C36-31879167E08A}
		{113E80BC-F9F9-45F0-BE8F-E5C22A2CB599} = {113E80BC-F9F9-45F0-BE8F-E5C22A2CB599}
		{E38C0ACF-24B8-47DD-BF38-0A734A355D56} = {E38C0ACF-24B8-47DD-BF38-0A734A355D56}
	EndProjectSection
EndProject
Project("{8BC9CEB8-8B4A-11D0-8D11-00A0C91BC942}") = "lib: Tree Registry", "..\..\Tree\Registry\TreeRegistry_vc9.vcproj", "{35962A93-DF4D-4CC0-A3D3-856D3A4D6D43}"
	ProjectSection(ProjectDependencies) = postProject
		{C16E1C75-3B3F-4CDF-9C36-31879167E08A} = {C16E1C75-3B3F-4CDF-9C36-31879167E08A}
		{113E80BC-F9F9-45F0-BE8F-E5C22A2CB599} = {113E80BC-F9F9-45F0-BE8F-E5C22A2CB599}
		{E38C0ACF-24B8-47DD-BF38-0A734A355D56} = {E38C0ACF-24B8-47DD-BF38-0A734A355D56}
	EndProjectSection
EndProject
Project("{8BC9CEB8-8B4A-11D0-8D11-00A0C91BC942}") = "plug: SceneGraph OpenGL", "..\..\SceneGraph\Plugins\OpenGL\SceneGraphPluginOpenGL_vc9.vcproj", "{BE2942D1-6E52-4A58-A459-C3EA8110429B}"
	ProjectSection(ProjectDependencies) = postProject
		{54573357-FCEF-4E36-9659-CDF668DB5EC4} = {54573357-FCEF-4E36-9659-CDF668DB5EC4}
		{113E80BC-F9F9-45F0-BE8F-E5C22A2CB599} = {113E80BC-F9F9-45F0-BE8F-E5C22A2CB599}
	EndProjectSection
EndProject
Project("{8BC9CEB8-8B4A-11D0-8D11-00A0C91BC942}") = "lib: SceneGraph Qt", "..\..\SceneGraph\Qt\SceneGraphQt_vc9.vcproj", "{05AFCB94-AA88-4901-BA20-1B72BE32F7F0}"
	ProjectSection(ProjectDependencies) = postProject
		{54573357-FCEF-4E36-9659-CDF668DB5EC4} = {54573357-FCEF-4E36-9659-CDF668DB5EC4}
		{113E80BC-F9F9-45F0-BE8F-E5C22A2CB599} = {113E80BC-F9F9-45F0-BE8F-E5C22A2CB599}
	EndProjectSection
EndProject
Project("{8BC9CEB8-8B4A-11D0-8D11-00A0C91BC942}") = "plug: SceneGraph Document", "..\..\SceneGraph\Plugins\Document\SceneGraphDocument_vc9.vcproj", "{238AC527-1ECD-4E1F-BAA1-52278211A906}"
	ProjectSection(ProjectDependencies) = postProject
		{54573357-FCEF-4E36-9659-CDF668DB5EC4} = {54573357-FCEF-4E36-9659-CDF668DB5EC4}
		{113E80BC-F9F9-45F0-BE8F-E5C22A2CB599} = {113E80BC-F9F9-45F0-BE8F-E5C22A2CB599}
	EndProjectSection
EndProject
Project("{8BC9CEB8-8B4A-11D0-8D11-00A0C91BC942}") = "plug: SceneGraph IO DAE", "..\..\SceneGraph\Plugins\IO\DAE\SceneGraphDAE_vc9.vcproj", "{1CD5ED8A-5811-40CD-BF48-2117688077B0}"
	ProjectSection(ProjectDependencies) = postProject
		{54573357-FCEF-4E36-9659-CDF668DB5EC4} = {54573357-FCEF-4E36-9659-CDF668DB5EC4}
		{C16E1C75-3B3F-4CDF-9C36-31879167E08A} = {C16E1C75-3B3F-4CDF-9C36-31879167E08A}
		{113E80BC-F9F9-45F0-BE8F-E5C22A2CB599} = {113E80BC-F9F9-45F0-BE8F-E5C22A2CB599}
	EndProjectSection
EndProject
Project("{8BC9CEB8-8B4A-11D0-8D11-00A0C91BC942}") = "plug: SceneGraph Delegate Qt", "..\..\SceneGraph\Plugins\Delegates\Qt\SceneGraphDelegateQt_vc9.vcproj", "{E8B963F0-36A5-482B-BED5-A8681EFC516B}"
	ProjectSection(ProjectDependencies) = postProject
		{05AFCB94-AA88-4901-BA20-1B72BE32F7F0} = {05AFCB94-AA88-4901-BA20-1B72BE32F7F0}
		{113E80BC-F9F9-45F0-BE8F-E5C22A2CB599} = {113E80BC-F9F9-45F0-BE8F-E5C22A2CB599}
	EndProjectSection
EndProject
Project("{8BC9CEB8-8B4A-11D0-8D11-00A0C91BC942}") = "lib: Images IO JPG", "..\..\Images\IO\JPG\Images_IO_JPG.vcproj", "{B70419E2-4D77-4153-A700-92EE10209091}"
	ProjectSection(ProjectDependencies) = postProject
		{8480C800-298D-47D5-95B7-0326BEA6FBCB} = {8480C800-298D-47D5-95B7-0326BEA6FBCB}
	EndProjectSection
EndProject
Project("{8BC9CEB8-8B4A-11D0-8D11-00A0C91BC942}") = "plug: SceneGraph IO HSG", "..\..\SceneGraph\Plugins\IO\HSG\SceneGraphHSG_vc9.vcproj", "{52E5E1D2-3F75-400E-AEAB-61DC6DDAED4D}"
	ProjectSection(ProjectDependencies) = postProject
		{54573357-FCEF-4E36-9659-CDF668DB5EC4} = {54573357-FCEF-4E36-9659-CDF668DB5EC4}
		{C16E1C75-3B3F-4CDF-9C36-31879167E08A} = {C16E1C75-3B3F-4CDF-9C36-31879167E08A}
		{113E80BC-F9F9-45F0-BE8F-E5C22A2CB599} = {113E80BC-F9F9-45F0-BE8F-E5C22A2CB599}
	EndProjectSection
EndProject
Global
	GlobalSection(SolutionConfigurationPlatforms) = preSolution
		Debug|Win32 = Debug|Win32
		Release|Win32 = Release|Win32
	EndGlobalSection
	GlobalSection(ProjectConfigurationPlatforms) = postSolution
		{ECB20E66-16F8-4673-A094-7D9B3BEAD978}.Debug|Win32.ActiveCfg = Debug|Win32
		{ECB20E66-16F8-4673-A094-7D9B3BEAD978}.Debug|Win32.Build.0 = Debug|Win32
		{ECB20E66-16F8-4673-A094-7D9B3BEAD978}.Release|Win32.ActiveCfg = Release|Win32
		{ECB20E66-16F8-4673-A094-7D9B3BEAD978}.Release|Win32.Build.0 = Release|Win32
		{113E80BC-F9F9-45F0-BE8F-E5C22A2CB599}.Debug|Win32.ActiveCfg = Debug|Win32
		{113E80BC-F9F9-45F0-BE8F-E5C22A2CB599}.Debug|Win32.Build.0 = Debug|Win32
		{113E80BC-F9F9-45F0-BE8F-E5C22A2CB599}.Release|Win32.ActiveCfg = Release|Win32
		{113E80BC-F9F9-45F0-BE8F-E5C22A2CB599}.Release|Win32.Build.0 = Release|Win32
		{4090CD54-196B-4F66-B143-28545013B541}.Debug|Win32.ActiveCfg = Debug|Win32
		{4090CD54-196B-4F66-B143-28545013B541}.Debug|Win32.Build.0 = Debug|Win32
		{4090CD54-196B-4F66-B143-28545013B541}.Release|Win32.ActiveCfg = Release|Win32
		{4090CD54-196B-4F66-B143-28545013B541}.Release|Win32.Build.0 = Release|Win32
		{53474AA5-49E3-42DB-93E0-CDFB8541D0A1}.Debug|Win32.ActiveCfg = Debug|Win32
		{53474AA5-49E3-42DB-93E0-CDFB8541D0A1}.Debug|Win32.Build.0 = Debug|Win32
		{53474AA5-49E3-42DB-93E0-CDFB8541D0A1}.Release|Win32.ActiveCfg = Release|Win32
		{53474AA5-49E3-42DB-93E0-CDFB8541D0A1}.Release|Win32.Build.0 = Release|Win32
		{54573357-FCEF-4E36-9659-CDF668DB5EC4}.Debug|Win32.ActiveCfg = Debug|Win32
		{54573357-FCEF-4E36-9659-CDF668DB5EC4}.Debug|Win32.Build.0 = Debug|Win32
		{54573357-FCEF-4E36-9659-CDF668DB5EC4}.Release|Win32.ActiveCfg = Release|Win32
		{54573357-FCEF-4E36-9659-CDF668DB5EC4}.Release|Win32.Build.0 = Release|Win32
		{2364A114-A728-4FAA-9120-6CF14D092B99}.Debug|Win32.ActiveCfg = Debug|Win32
		{2364A114-A728-4FAA-9120-6CF14D092B99}.Debug|Win32.Build.0 = Debug|Win32
		{2364A114-A728-4FAA-9120-6CF14D092B99}.Release|Win32.ActiveCfg = Release|Win32
		{2364A114-A728-4FAA-9120-6CF14D092B99}.Release|Win32.Build.0 = Release|Win32
		{8480C800-298D-47D5-95B7-0326BEA6FBCB}.Debug|Win32.ActiveCfg = Debug|Win32
		{8480C800-298D-47D5-95B7-0326BEA6FBCB}.Debug|Win32.Build.0 = Debug|Win32
		{8480C800-298D-47D5-95B7-0326BEA6FBCB}.Release|Win32.ActiveCfg = Release|Win32
		{8480C800-298D-47D5-95B7-0326BEA6FBCB}.Release|Win32.Build.0 = Release|Win32
		{63DB5FBF-6EFA-45DA-AF85-4F212E1516FF}.Debug|Win32.ActiveCfg = Debug|Win32
		{63DB5FBF-6EFA-45DA-AF85-4F212E1516FF}.Debug|Win32.Build.0 = Debug|Win32
		{63DB5FBF-6EFA-45DA-AF85-4F212E1516FF}.Release|Win32.ActiveCfg = Release|Win32
		{63DB5FBF-6EFA-45DA-AF85-4F212E1516FF}.Release|Win32.Build.0 = Release|Win32
		{C16E1C75-3B3F-4CDF-9C36-31879167E08A}.Debug|Win32.ActiveCfg = Debug|Win32
		{C16E1C75-3B3F-4CDF-9C36-31879167E08A}.Debug|Win32.Build.0 = Debug|Win32
		{C16E1C75-3B3F-4CDF-9C36-31879167E08A}.Release|Win32.ActiveCfg = Release|Win32
		{C16E1C75-3B3F-4CDF-9C36-31879167E08A}.Release|Win32.Build.0 = Release|Win32
		{E38C0ACF-24B8-47DD-BF38-0A734A355D56}.Debug|Win32.ActiveCfg = Debug|Win32
		{E38C0ACF-24B8-47DD-BF38-0A734A355D56}.Debug|Win32.Build.0 = Debug|Win32
		{E38C0ACF-24B8-47DD-BF38-0A734A355D56}.Release|Win32.ActiveCfg = Release|Win32
		{E38C0ACF-24B8-47DD-BF38-0A734A355D56}.Release|Win32.Build.0 = Release|Win32
		{C73A3411-AA78-4A65-91B5-0E5DE1F745D8}.Debug|Win32.ActiveCfg = Debug|Win32
		{C73A3411-AA78-4A65-91B5-0E5DE1F745D8}.Debug|Win32.Build.0 = Debug|Win32
		{C73A3411-AA78-4A65-91B5-0E5DE1F745D8}.Release|Win32.ActiveCfg = Release|Win32
		{C73A3411-AA78-4A65-91B5-0E5DE1F745D8}.Release|Win32.Build.0 = Release|Win32
		{35962A93-DF4D-4CC0-A3D3-856D3A4D6D43}.Debug|Win32.ActiveCfg = Debug|Win32
		{35962A93-DF4D-4CC0-A3D3-856D3A4D6D43}.Debug|Win32.Build.0 = Debug|Win32
		{35962A93-DF4D-4CC0-A3D3-856D3A4D6D43}.Release|Win32.ActiveCfg = Release|Win32
		{35962A93-DF4D-4CC0-A3D3-856D3A4D6D43}.Release|Win32.Build.0 = Release|Win32
		{BE2942D1-6E52-4A58-A459-C3EA8110429B}.Debug|Win32.ActiveCfg = Debug|Win32
		{BE2942D1-6E52-4A58-A459-C3EA8110429B}.Debug|Win32.Build.0 = Debug|Win32
		{BE2942D1-6E52-4A58-A459-C3EA8110429B}.Release|Win32.ActiveCfg = Release|Win32
		{BE2942D1-6E52-4A58-A459-C3EA8110429B}.Release|Win32.Build.0 = Release|Win32
		{05AFCB94-AA88-4901-BA20-1B72BE32F7F0}.Debug|Win32.ActiveCfg = Debug|Win32
		{05AFCB94-AA88-4901-BA20-1B72BE32F7F0}.Debug|Win32.Build.0 = Debug|Win32
		{05AFCB94-AA88-4901-BA20-1B72BE32F7F0}.Release|Win32.ActiveCfg = Release|Win32
		{05AFCB94-AA88-4901-BA20-1B72BE32F7F0}.Release|Win32.Build.0 = Release|Win32
		{238AC527-1ECD-4E1F-BAA1-52278211A906}.Debug|Win32.ActiveCfg = Debug|Win32
		{238AC527-1ECD-4E1F-BAA1-52278211A906}.Debug|Win32.Build.0 = Debug|Win32
		{238AC527-1ECD-4E1F-BAA1-52278211A906}.Release|Win32.ActiveCfg = Release|Win32
		{238AC527-1ECD-4E1F-BAA1-52278211A906}.Release|Win32.Build.0 = Release|Win32
		{1CD5ED8A-5811-40CD-BF48-2117688077B0}.Debug|Win32.ActiveCfg = Debug|Win32
		{1CD5ED8A-5811-40CD-BF48-2117688077B0}.Debug|Win32.Build.0 = Debug|Win32
		{1CD5ED8A-5811-40CD-BF48-2117688077B0}.Release|Win32.ActiveCfg = Release|Win32
		{1CD5ED8A-5811-40CD-BF48-2117688077B0}.Release|Win32.Build.0 = Release|Win32
		{E8B963F0-36A5-482B-BED5-A8681EFC516B}.Debug|Win32.ActiveCfg = Debug|Win32
		{E8B963F0-36A5-482B-BED5-A8681EFC516B}.Debug|Win32.Build.0 = Debug|Win32
		{E8B963F0-36A5-482B-BED5-A8681EFC516B}.Release|Win32.ActiveCfg = Release|Win32
		{E8B963F0-36A5-482B-BED5-A8681EFC516B}.Release|Win32.Build.0 = Release|Win32
		{B70419E2-4D77-4153-A700-92EE10209091}.Debug|Win32.ActiveCfg = Debug|Win32
		{B70419E2-4D77-4153-A700-92EE10209091}.Debug|Win32.Build.0 = Debug|Win32
		{B70419E2-4D77-4153-A700-92EE10209091}.Release|Win32.ActiveCfg = Release|Win32
		{B70419E2-4D77-4153-A700-92EE10209091}.Release|Win32.Build.0 = Release|Win32
		{52E5E1D2-3F75-400E-AEAB-61DC6DDAED4D}.Debug|Win32.ActiveCfg = Debug|Win32
		{52E5E1D2-3F75-400E-AEAB-61DC6DDAED4D}.Debug|Win32.Build.0 = Debug|Win32
		{52E5E1D2-3F75-400E-AEAB-61DC6DDAED4D}.Release|Win32.ActiveCfg = Release|Win32
		{52E5E1D2-3F75-400E-AEAB-61DC6DDAED4D}.Release|Win32.Build.0 = Release|Win32
	EndGlobalSection
	GlobalSection(SolutionProperties) = preSolution
		HideSolutionNode = FALSE
	EndGlobalSection
EndGlobal
